
Microsoft Visual Studio Solution File, Format Version 12.00
# Visual Studio Version 16
VisualStudioVersion = 16.0.31410.357
MinimumVisualStudioVersion = 10.0.40219.1
Project("{9A19103F-16F7-4668-BE54-9A1E7A4F7556}") = "Interview", "Interview\Interview.csproj", "{222F0615-7B58-4B7F-8664-49D9ACB5B417}"
EndProject
Project("{FAE04EC0-301F-11D3-BF4B-00C04F79EFBC}") = "Interview2", "Interview2\Interview2.csproj", "{69DAEC2B-B0D5-41FC-B76E-D6A89B78F3E2}"
EndProject
Global
	GlobalSection(SolutionConfigurationPlatforms) = preSolution
		Debug|Any CPU = Debug|Any CPU
		Release|Any CPU = Release|Any CPU
	EndGlobalSection
	GlobalSection(ProjectConfigurationPlatforms) = postSolution
		{222F0615-7B58-4B7F-8664-49D9ACB5B417}.Debug|Any CPU.ActiveCfg = Debug|Any CPU
		{222F0615-7B58-4B7F-8664-49D9ACB5B417}.Debug|Any CPU.Build.0 = Debug|Any CPU
		{222F0615-7B58-4B7F-8664-49D9ACB5B417}.Release|Any CPU.ActiveCfg = Release|Any CPU
		{222F0615-7B58-4B7F-8664-49D9ACB5B417}.Release|Any CPU.Build.0 = Release|Any CPU
		{69DAEC2B-B0D5-41FC-B76E-D6A89B78F3E2}.Debug|Any CPU.ActiveCfg = Debug|Any CPU
		{69DAEC2B-B0D5-41FC-B76E-D6A89B78F3E2}.Debug|Any CPU.Build.0 = Debug|Any CPU
		{69DAEC2B-B0D5-41FC-B76E-D6A89B78F3E2}.Release|Any CPU.ActiveCfg = Release|Any CPU
		{69DAEC2B-B0D5-41FC-B76E-D6A89B78F3E2}.Release|Any CPU.Build.0 = Release|Any CPU
	EndGlobalSection
	GlobalSection(SolutionProperties) = preSolution
		HideSolutionNode = FALSE
	EndGlobalSection
	GlobalSection(ExtensibilityGlobals) = postSolution
		SolutionGuid = {65AF79DE-D347-4810-87FF-8B8DC9D2939B}
	EndGlobalSection
EndGlobal
